
Microsoft Visual Studio Solution File, Format Version 12.00
# Visual Studio Version 17
VisualStudioVersion = 17.4.33110.190
MinimumVisualStudioVersion = 10.0.40219.1
Project("{2150E333-8FDC-42A3-9474-1A3956D46DE8}") = "1.Queue(SQS)", "1.Queue(SQS)", "{B8530A45-AB49-4E70-A74D-44B12FA33850}"
EndProject
Project("{9A19103F-16F7-4668-BE54-9A1E7A4F7556}") = "SqsPublisher", "1.Queue(SQS)\SqsPublisher\SqsPublisher.csproj", "{C8E7BB16-4141-416B-B62D-656BD5679387}"
EndProject
Project("{9A19103F-16F7-4668-BE54-9A1E7A4F7556}") = "SqsConsumer", "1.Queue(SQS)\SqsConsumer\SqsConsumer.csproj", "{9FE644E0-5B95-4F0D-A9E5-696F10C684D0}"
EndProject
Project("{9A19103F-16F7-4668-BE54-9A1E7A4F7556}") = "Customers.Api", "1.Queue(SQS)\Customers.Api\Customers.Api.csproj", "{8C0B20F0-085E-4E9F-BFD9-63300F57BD13}"
EndProject
Project("{9A19103F-16F7-4668-BE54-9A1E7A4F7556}") = "Customers.Consumer", "1.Queue(SQS)\Customers.Consumer\Customers.Consumer.csproj", "{DB3EBE80-83C9-472F-9BFC-1D276612D53A}"
EndProject
Project("{2150E333-8FDC-42A3-9474-1A3956D46DE8}") = "2.Notification(SNS)", "2.Notification(SNS)", "{715430DD-8941-4D05-B69D-298BF0097A5A}"
EndProject
Project("{9A19103F-16F7-4668-BE54-9A1E7A4F7556}") = "SNSPublisher", "2.Notification(SNS)\SNSPublisher\SNSPublisher.csproj", "{71E99185-F9EB-4102-93C1-A1E9B684446A}"
EndProject
Project("{9A19103F-16F7-4668-BE54-9A1E7A4F7556}") = "SqsConsumer", "2.Notification(SNS)\SqsConsumer\SqsConsumer.csproj", "{B7791698-CC03-4069-9FE8-B635082E83C5}"
EndProject
Project("{9A19103F-16F7-4668-BE54-9A1E7A4F7556}") = "Customers.Consumer", "2.Notification(SNS)\Customers.Consumer\Customers.Consumer.csproj", "{2E15C700-BFA5-4CAB-A0D9-2D836F5BA714}"
EndProject
Project("{9A19103F-16F7-4668-BE54-9A1E7A4F7556}") = "Customers.Api", "2.Notification(SNS)\Customers.Api\Customers.Api.csproj", "{AAB3EB5B-D9FE-4F18-8FA0-110B8BFD4C01}"
EndProject
Project("{2150E333-8FDC-42A3-9474-1A3956D46DE8}") = "3.DynamoDB", "3.DynamoDB", "{7DF96F2B-E554-4F50-A87D-9EA63A8279A9}"
EndProject
Project("{9A19103F-16F7-4668-BE54-9A1E7A4F7556}") = "Customers.Api", "3.DynamoDB\Customers.Api\Customers.Api.csproj", "{28604D35-E7AE-4717-B471-03748DEAC239}"
EndProject
Project("{2150E333-8FDC-42A3-9474-1A3956D46DE8}") = "4.S3", "4.S3", "{669D053A-FE4B-4BFA-A348-CB694373A343}"
EndProject
Project("{9A19103F-16F7-4668-BE54-9A1E7A4F7556}") = "S3Playground", "4.S3\S3Playground\S3Playground.csproj", "{87B8F951-20F6-49A3-85D6-FCB4872FC4C7}"
EndProject
Project("{9A19103F-16F7-4668-BE54-9A1E7A4F7556}") = "Customers.Api", "4.S3\Customers.Api\Customers.Api.csproj", "{D0A9A9C1-20E5-49F6-AED2-5AC7490F82AD}"
EndProject
Global
	GlobalSection(SolutionConfigurationPlatforms) = preSolution
		Debug|Any CPU = Debug|Any CPU
		Release|Any CPU = Release|Any CPU
	EndGlobalSection
	GlobalSection(ProjectConfigurationPlatforms) = postSolution
		{C8E7BB16-4141-416B-B62D-656BD5679387}.Debug|Any CPU.ActiveCfg = Debug|Any CPU
		{C8E7BB16-4141-416B-B62D-656BD5679387}.Debug|Any CPU.Build.0 = Debug|Any CPU
		{C8E7BB16-4141-416B-B62D-656BD5679387}.Release|Any CPU.ActiveCfg = Release|Any CPU
		{C8E7BB16-4141-416B-B62D-656BD5679387}.Release|Any CPU.Build.0 = Release|Any CPU
		{9FE644E0-5B95-4F0D-A9E5-696F10C684D0}.Debug|Any CPU.ActiveCfg = Debug|Any CPU
		{9FE644E0-5B95-4F0D-A9E5-696F10C684D0}.Debug|Any CPU.Build.0 = Debug|Any CPU
		{9FE644E0-5B95-4F0D-A9E5-696F10C684D0}.Release|Any CPU.ActiveCfg = Release|Any CPU
		{9FE644E0-5B95-4F0D-A9E5-696F10C684D0}.Release|Any CPU.Build.0 = Release|Any CPU
		{8C0B20F0-085E-4E9F-BFD9-63300F57BD13}.Debug|Any CPU.ActiveCfg = Debug|Any CPU
		{8C0B20F0-085E-4E9F-BFD9-63300F57BD13}.Debug|Any CPU.Build.0 = Debug|Any CPU
		{8C0B20F0-085E-4E9F-BFD9-63300F57BD13}.Release|Any CPU.ActiveCfg = Release|Any CPU
		{8C0B20F0-085E-4E9F-BFD9-63300F57BD13}.Release|Any CPU.Build.0 = Release|Any CPU
		{DB3EBE80-83C9-472F-9BFC-1D276612D53A}.Debug|Any CPU.ActiveCfg = Debug|Any CPU
		{DB3EBE80-83C9-472F-9BFC-1D276612D53A}.Debug|Any CPU.Build.0 = Debug|Any CPU
		{DB3EBE80-83C9-472F-9BFC-1D276612D53A}.Release|Any CPU.ActiveCfg = Release|Any CPU
		{DB3EBE80-83C9-472F-9BFC-1D276612D53A}.Release|Any CPU.Build.0 = Release|Any CPU
		{71E99185-F9EB-4102-93C1-A1E9B684446A}.Debug|Any CPU.ActiveCfg = Debug|Any CPU
		{71E99185-F9EB-4102-93C1-A1E9B684446A}.Debug|Any CPU.Build.0 = Debug|Any CPU
		{71E99185-F9EB-4102-93C1-A1E9B684446A}.Release|Any CPU.ActiveCfg = Release|Any CPU
		{71E99185-F9EB-4102-93C1-A1E9B684446A}.Release|Any CPU.Build.0 = Release|Any CPU
		{B7791698-CC03-4069-9FE8-B635082E83C5}.Debug|Any CPU.ActiveCfg = Debug|Any CPU
		{B7791698-CC03-4069-9FE8-B635082E83C5}.Debug|Any CPU.Build.0 = Debug|Any CPU
		{B7791698-CC03-4069-9FE8-B635082E83C5}.Release|Any CPU.ActiveCfg = Release|Any CPU
		{B7791698-CC03-4069-9FE8-B635082E83C5}.Release|Any CPU.Build.0 = Release|Any CPU
		{2E15C700-BFA5-4CAB-A0D9-2D836F5BA714}.Debug|Any CPU.ActiveCfg = Debug|Any CPU
		{2E15C700-BFA5-4CAB-A0D9-2D836F5BA714}.Debug|Any CPU.Build.0 = Debug|Any CPU
		{2E15C700-BFA5-4CAB-A0D9-2D836F5BA714}.Release|Any CPU.ActiveCfg = Release|Any CPU
		{2E15C700-BFA5-4CAB-A0D9-2D836F5BA714}.Release|Any CPU.Build.0 = Release|Any CPU
		{AAB3EB5B-D9FE-4F18-8FA0-110B8BFD4C01}.Debug|Any CPU.ActiveCfg = Debug|Any CPU
		{AAB3EB5B-D9FE-4F18-8FA0-110B8BFD4C01}.Debug|Any CPU.Build.0 = Debug|Any CPU
		{AAB3EB5B-D9FE-4F18-8FA0-110B8BFD4C01}.Release|Any CPU.ActiveCfg = Release|Any CPU
		{AAB3EB5B-D9FE-4F18-8FA0-110B8BFD4C01}.Release|Any CPU.Build.0 = Release|Any CPU
		{28604D35-E7AE-4717-B471-03748DEAC239}.Debug|Any CPU.ActiveCfg = Debug|Any CPU
		{28604D35-E7AE-4717-B471-03748DEAC239}.Debug|Any CPU.Build.0 = Debug|Any CPU
		{28604D35-E7AE-4717-B471-03748DEAC239}.Release|Any CPU.ActiveCfg = Release|Any CPU
		{28604D35-E7AE-4717-B471-03748DEAC239}.Release|Any CPU.Build.0 = Release|Any CPU
		{87B8F951-20F6-49A3-85D6-FCB4872FC4C7}.Debug|Any CPU.ActiveCfg = Debug|Any CPU
		{87B8F951-20F6-49A3-85D6-FCB4872FC4C7}.Debug|Any CPU.Build.0 = Debug|Any CPU
		{87B8F951-20F6-49A3-85D6-FCB4872FC4C7}.Release|Any CPU.ActiveCfg = Release|Any CPU
		{87B8F951-20F6-49A3-85D6-FCB4872FC4C7}.Release|Any CPU.Build.0 = Release|Any CPU
		{D0A9A9C1-20E5-49F6-AED2-5AC7490F82AD}.Debug|Any CPU.ActiveCfg = Debug|Any CPU
		{D0A9A9C1-20E5-49F6-AED2-5AC7490F82AD}.Debug|Any CPU.Build.0 = Debug|Any CPU
		{D0A9A9C1-20E5-49F6-AED2-5AC7490F82AD}.Release|Any CPU.ActiveCfg = Release|Any CPU
		{D0A9A9C1-20E5-49F6-AED2-5AC7490F82AD}.Release|Any CPU.Build.0 = Release|Any CPU
	EndGlobalSection
	GlobalSection(SolutionProperties) = preSolution
		HideSolutionNode = FALSE
	EndGlobalSection
	GlobalSection(NestedProjects) = preSolution
		{C8E7BB16-4141-416B-B62D-656BD5679387} = {B8530A45-AB49-4E70-A74D-44B12FA33850}
		{9FE644E0-5B95-4F0D-A9E5-696F10C684D0} = {B8530A45-AB49-4E70-A74D-44B12FA33850}
		{8C0B20F0-085E-4E9F-BFD9-63300F57BD13} = {B8530A45-AB49-4E70-A74D-44B12FA33850}
		{DB3EBE80-83C9-472F-9BFC-1D276612D53A} = {B8530A45-AB49-4E70-A74D-44B12FA33850}
		{71E99185-F9EB-4102-93C1-A1E9B684446A} = {715430DD-8941-4D05-B69D-298BF0097A5A}
		{B7791698-CC03-4069-9FE8-B635082E83C5} = {715430DD-8941-4D05-B69D-298BF0097A5A}
		{2E15C700-BFA5-4CAB-A0D9-2D836F5BA714} = {715430DD-8941-4D05-B69D-298BF0097A5A}
		{AAB3EB5B-D9FE-4F18-8FA0-110B8BFD4C01} = {715430DD-8941-4D05-B69D-298BF0097A5A}
		{28604D35-E7AE-4717-B471-03748DEAC239} = {7DF96F2B-E554-4F50-A87D-9EA63A8279A9}
		{87B8F951-20F6-49A3-85D6-FCB4872FC4C7} = {669D053A-FE4B-4BFA-A348-CB694373A343}
		{D0A9A9C1-20E5-49F6-AED2-5AC7490F82AD} = {669D053A-FE4B-4BFA-A348-CB694373A343}
	EndGlobalSection
	GlobalSection(ExtensibilityGlobals) = postSolution
		SolutionGuid = {1B57299E-CFA8-4B9C-8FC9-3608B6485B21}
	EndGlobalSection
EndGlobal
